// !$*UTF8*$!
{
	archiveVersion = 1;
	classes = {
	};
	objectVersion = 50;
	objects = {

/* Begin PBXBuildFile section */
		DFB54D3C27AFC40700B18D8F /* AppDelegate.swift in Sources */ = {isa = PBXBuildFile; fileRef = DFB54D3B27AFC40700B18D8F /* AppDelegate.swift */; };
		DFB54D3E27AFC40700B18D8F /* SceneDelegate.swift in Sources */ = {isa = PBXBuildFile; fileRef = DFB54D3D27AFC40700B18D8F /* SceneDelegate.swift */; };
		DFB54D4027AFC40700B18D8F /* ViewController.swift in Sources */ = {isa = PBXBuildFile; fileRef = DFB54D3F27AFC40700B18D8F /* ViewController.swift */; };
		DFB54D4327AFC40700B18D8F /* Main.storyboard in Resources */ = {isa = PBXBuildFile; fileRef = DFB54D4127AFC40700B18D8F /* Main.storyboard */; };
		DFB54D4527AFC40800B18D8F /* Assets.xcassets in Resources */ = {isa = PBXBuildFile; fileRef = DFB54D4427AFC40800B18D8F /* Assets.xcassets */; };
		DFB54D4827AFC40800B18D8F /* LaunchScreen.storyboard in Resources */ = {isa = PBXBuildFile; fileRef = DFB54D4627AFC40800B18D8F /* LaunchScreen.storyboard */; };
		DFB54D5027AFC4EE00B18D8F /* HeroViewController.swift in Sources */ = {isa = PBXBuildFile; fileRef = DFB54D4F27AFC4EE00B18D8F /* HeroViewController.swift */; };
		DFB54D5227AFC96900B18D8F /* HeroStats.swift in Sources */ = {isa = PBXBuildFile; fileRef = DFB54D5127AFC96900B18D8F /* HeroStats.swift */; };
/* End PBXBuildFile section */

/* Begin PBXFileReference section */
		DFB54D3827AFC40700B18D8F /* API-Binding-Demo.app */ = {isa = PBXFileReference; explicitFileType = wrapper.application; includeInIndex = 0; path = "API-Binding-Demo.app"; sourceTree = BUILT_PRODUCTS_DIR; };
		DFB54D3B27AFC40700B18D8F /* AppDelegate.swift */ = {isa = PBXFileReference; lastKnownFileType = sourcecode.swift; path = AppDelegate.swift; sourceTree = "<group>"; };
		DFB54D3D27AFC40700B18D8F /* SceneDelegate.swift */ = {isa = PBXFileReference; lastKnownFileType = sourcecode.swift; path = SceneDelegate.swift; sourceTree = "<group>"; };
		DFB54D3F27AFC40700B18D8F /* ViewController.swift */ = {isa = PBXFileReference; lastKnownFileType = sourcecode.swift; path = ViewController.swift; sourceTree = "<group>"; };
		DFB54D4227AFC40700B18D8F /* Base */ = {isa = PBXFileReference; lastKnownFileType = file.storyboard; name = Base; path = Base.lproj/Main.storyboard; sourceTree = "<group>"; };
		DFB54D4427AFC40800B18D8F /* Assets.xcassets */ = {isa = PBXFileReference; lastKnownFileType = folder.assetcatalog; path = Assets.xcassets; sourceTree = "<group>"; };
		DFB54D4727AFC40800B18D8F /* Base */ = {isa = PBXFileReference; lastKnownFileType = file.storyboard; name = Base; path = Base.lproj/LaunchScreen.storyboard; sourceTree = "<group>"; };
		DFB54D4927AFC40800B18D8F /* Info.plist */ = {isa = PBXFileReference; lastKnownFileType = text.plist.xml; path = Info.plist; sourceTree = "<group>"; };
		DFB54D4F27AFC4EE00B18D8F /* HeroViewController.swift */ = {isa = PBXFileReference; lastKnownFileType = sourcecode.swift; path = HeroViewController.swift; sourceTree = "<group>"; };
		DFB54D5127AFC96900B18D8F /* HeroStats.swift */ = {isa = PBXFileReference; lastKnownFileType = sourcecode.swift; path = HeroStats.swift; sourceTree = "<group>"; };
/* End PBXFileReference section */

/* Begin PBXFrameworksBuildPhase section */
		DFB54D3527AFC40700B18D8F /* Frameworks */ = {
			isa = PBXFrameworksBuildPhase;
			buildActionMask = 2147483647;
			files = (
			);
			runOnlyForDeploymentPostprocessing = 0;
		};
/* End PBXFrameworksBuildPhase section */

/* Begin PBXGroup section */
		DFB54D2F27AFC40700B18D8F = {
			isa = PBXGroup;
			children = (
				DFB54D3A27AFC40700B18D8F /* API-Binding-Demo */,
				DFB54D3927AFC40700B18D8F /* Products */,
			);
			sourceTree = "<group>";
		};
		DFB54D3927AFC40700B18D8F /* Products */ = {
			isa = PBXGroup;
			children = (
				DFB54D3827AFC40700B18D8F /* API-Binding-Demo.app */,
			);
			name = Products;
			sourceTree = "<group>";
		};
		DFB54D3A27AFC40700B18D8F /* API-Binding-Demo */ = {
			isa = PBXGroup;
			children = (
				DFB54D3B27AFC40700B18D8F /* AppDelegate.swift */,
				DFB54D3D27AFC40700B18D8F /* SceneDelegate.swift */,
				DFB54D3F27AFC40700B18D8F /* ViewController.swift */,
				DFB54D4127AFC40700B18D8F /* Main.storyboard */,
				DFB54D4427AFC40800B18D8F /* Assets.xcassets */,
				DFB54D4627AFC40800B18D8F /* LaunchScreen.storyboard */,
				DFB54D4927AFC40800B18D8F /* Info.plist */,
				DFB54D4F27AFC4EE00B18D8F /* HeroViewController.swift */,
				DFB54D5127AFC96900B18D8F /* HeroStats.swift */,
			);
			path = "API-Binding-Demo";
			sourceTree = "<group>";
		};
/* End PBXGroup section */

/* Begin PBXNativeTarget section */
		DFB54D3727AFC40700B18D8F /* API-Binding-Demo */ = {
			isa = PBXNativeTarget;
			buildConfigurationList = DFB54D4C27AFC40800B18D8F /* Build configuration list for PBXNativeTarget "API-Binding-Demo" */;
			buildPhases = (
				DFB54D3427AFC40700B18D8F /* Sources */,
				DFB54D3527AFC40700B18D8F /* Frameworks */,
				DFB54D3627AFC40700B18D8F /* Resources */,
			);
			buildRules = (
			);
			dependencies = (
			);
			name = "API-Binding-Demo";
			productName = "API-Binding-Demo";
			productReference = DFB54D3827AFC40700B18D8F /* API-Binding-Demo.app */;
			productType = "com.apple.product-type.application";
		};
/* End PBXNativeTarget section */

/* Begin PBXProject section */
		DFB54D3027AFC40700B18D8F /* Project object */ = {
			isa = PBXProject;
			attributes = {
				LastSwiftUpdateCheck = 1250;
				LastUpgradeCheck = 1250;
				TargetAttributes = {
					DFB54D3727AFC40700B18D8F = {
						CreatedOnToolsVersion = 12.5;
					};
				};
			};
			buildConfigurationList = DFB54D3327AFC40700B18D8F /* Build configuration list for PBXProject "API-Binding-Demo" */;
			compatibilityVersion = "Xcode 9.3";
			developmentRegion = en;
			hasScannedForEncodings = 0;
			knownRegions = (
				en,
				Base,
			);
			mainGroup = DFB54D2F27AFC40700B18D8F;
			productRefGroup = DFB54D3927AFC40700B18D8F /* Products */;
			projectDirPath = "";
			projectRoot = "";
			targets = (
				DFB54D3727AFC40700B18D8F /* API-Binding-Demo */,
			);
		};
/* End PBXProject section */

/* Begin PBXResourcesBuildPhase section */
		DFB54D3627AFC40700B18D8F /* Resources */ = {
			isa = PBXResourcesBuildPhase;
			buildActionMask = 2147483647;
			files = (
				DFB54D4827AFC40800B18D8F /* LaunchScreen.storyboard in Resources */,
				DFB54D4527AFC40800B18D8F /* Assets.xcassets in Resources */,
				DFB54D4327AFC40700B18D8F /* Main.storyboard in Resources */,
			);
			runOnlyForDeploymentPostprocessing = 0;
		};
/* End PBXResourcesBuildPhase section */

/* Begin PBXSourcesBuildPhase section */
		DFB54D3427AFC40700B18D8F /* Sources */ = {
			isa = PBXSourcesBuildPhase;
			buildActionMask = 2147483647;
			files = (
				DFB54D5027AFC4EE00B18D8F /* HeroViewController.swift in Sources */,
				DFB54D4027AFC40700B18D8F /* ViewController.swift in Sources */,
				DFB54D3C27AFC40700B18D8F /* AppDelegate.swift in Sources */,
				DFB54D5227AFC96900B18D8F /* HeroStats.swift in Sources */,
				DFB54D3E27AFC40700B18D8F /* SceneDelegate.swift in Sources */,
			);
			runOnlyForDeploymentPostprocessing = 0;
		};
/* End PBXSourcesBuildPhase section */

/* Begin PBXVariantGroup section */
		DFB54D4127AFC40700B18D8F /* Main.storyboard */ = {
			isa = PBXVariantGroup;
			children = (
				DFB54D4227AFC40700B18D8F /* Base */,
			);
			name = Main.storyboard;
			sourceTree = "<group>";
		};
		DFB54D4627AFC40800B18D8F /* LaunchScreen.storyboard */ = {
			isa = PBXVariantGroup;
			children = (
				DFB54D4727AFC40800B18D8F /* Base */,
			);
			name = LaunchScreen.storyboard;
			sourceTree = "<group>";
		};
/* End PBXVariantGroup section */

/* Begin XCBuildConfiguration section */
		DFB54D4A27AFC40800B18D8F /* Debug */ = {
			isa = XCBuildConfiguration;
			buildSettings = {
				ALWAYS_SEARCH_USER_PATHS = NO;
				CLANG_ANALYZER_NONNULL = YES;
				CLANG_ANALYZER_NUMBER_OBJECT_CONVERSION = YES_AGGRESSIVE;
				CLANG_CXX_LANGUAGE_STANDARD = "gnu++14";
				CLANG_CXX_LIBRARY = "libc++";
				CLANG_ENABLE_MODULES = YES;
				CLANG_ENABLE_OBJC_ARC = YES;
				CLANG_ENABLE_OBJC_WEAK = YES;
				CLANG_WARN_BLOCK_CAPTURE_AUTORELEASING = YES;
				CLANG_WARN_BOOL_CONVERSION = YES;
				CLANG_WARN_COMMA = YES;
				CLANG_WARN_CONSTANT_CONVERSION = YES;
				CLANG_WARN_DEPRECATED_OBJC_IMPLEMENTATIONS = YES;
				CLANG_WARN_DIRECT_OBJC_ISA_USAGE = YES_ERROR;
				CLANG_WARN_DOCUMENTATION_COMMENTS = YES;
				CLANG_WARN_EMPTY_BODY = YES;
				CLANG_WARN_ENUM_CONVERSION = YES;
				CLANG_WARN_INFINITE_RECURSION = YES;
				CLANG_WARN_INT_CONVERSION = YES;
				CLANG_WARN_NON_LITERAL_NULL_CONVERSION = YES;
				CLANG_WARN_OBJC_IMPLICIT_RETAIN_SELF = YES;
				CLANG_WARN_OBJC_LITERAL_CONVERSION = YES;
				CLANG_WARN_OBJC_ROOT_CLASS = YES_ERROR;
				CLANG_WARN_QUOTED_INCLUDE_IN_FRAMEWORK_HEADER = YES;
				CLANG_WARN_RANGE_LOOP_ANALYSIS = YES;
				CLANG_WARN_STRICT_PROTOTYPES = YES;
				CLANG_WARN_SUSPICIOUS_MOVE = YES;
				CLANG_WARN_UNGUARDED_AVAILABILITY = YES_AGGRESSIVE;
				CLANG_WARN_UNREACHABLE_CODE = YES;
				CLANG_WARN__DUPLICATE_METHOD_MATCH = YES;
				COPY_PHASE_STRIP = NO;
				DEBUG_INFORMATION_FORMAT = dwarf;
				ENABLE_STRICT_OBJC_MSGSEND = YES;
				ENABLE_TESTABILITY = YES;
				GCC_C_LANGUAGE_STANDARD = gnu11;
				GCC_DYNAMIC_NO_PIC = NO;
				GCC_NO_COMMON_BLOCKS = YES;
				GCC_OPTIMIZATION_LEVEL = 0;
				GCC_PREPROCESSOR_DEFINITIONS = (
					"DEBUG=1",
					"$(inherited)",
				);
				GCC_WARN_64_TO_32_BIT_CONVERSION = YES;
				GCC_WARN_ABOUT_RETURN_TYPE = YES_ERROR;
				GCC_WARN_UNDECLARED_SELECTOR = YES;
				GCC_WARN_UNINITIALIZED_AUTOS = YES_AGGRESSIVE;
				GCC_WARN_UNUSED_FUNCTION = YES;
				GCC_WARN_UNUSED_VARIABLE = YES;
				IPHONEOS_DEPLOYMENT_TARGET = 14.5;
				MTL_ENABLE_DEBUG_INFO = INCLUDE_SOURCE;
				MTL_FAST_MATH = YES;
				ONLY_ACTIVE_ARCH = YES;
				SDKROOT = iphoneos;
				SWIFT_ACTIVE_COMPILATION_CONDITIONS = DEBUG;
				SWIFT_OPTIMIZATION_LEVEL = "-Onone";
			};
			name = Debug;
		};
		DFB54D4B27AFC40800B18D8F /* Release */ = {
			isa = XCBuildConfiguration;
			buildSettings = {
				ALWAYS_SEARCH_USER_PATHS = NO;
				CLANG_ANALYZER_NONNULL = YES;
				CLANG_ANALYZER_NUMBER_OBJECT_CONVERSION = YES_AGGRESSIVE;
				CLANG_CXX_LANGUAGE_STANDARD = "gnu++14";
				CLANG_CXX_LIBRARY = "libc++";
				CLANG_ENABLE_MODULES = YES;
				CLANG_ENABLE_OBJC_ARC = YES;
				CLANG_ENABLE_OBJC_WEAK = YES;
				CLANG_WARN_BLOCK_CAPTURE_AUTORELEASING = YES;
				CLANG_WARN_BOOL_CONVERSION = YES;
				CLANG_WARN_COMMA = YES;
				CLANG_WARN_CONSTANT_CONVERSION = YES;
				CLANG_WARN_DEPRECATED_OBJC_IMPLEMENTATIONS = YES;
				CLANG_WARN_DIRECT_OBJC_ISA_USAGE = YES_ERROR;
				CLANG_WARN_DOCUMENTATION_COMMENTS = YES;
				CLANG_WARN_EMPTY_BODY = YES;
				CLANG_WARN_ENUM_CONVERSION = YES;
				CLANG_WARN_INFINITE_RECURSION = YES;
				CLANG_WARN_INT_CONVERSION = YES;
				CLANG_WARN_NON_LITERAL_NULL_CONVERSION = YES;
				CLANG_WARN_OBJC_IMPLICIT_RETAIN_SELF = YES;
				CLANG_WARN_OBJC_LITERAL_CONVERSION = YES;
				CLANG_WARN_OBJC_ROOT_CLASS = YES_ERROR;
				CLANG_WARN_QUOTED_INCLUDE_IN_FRAMEWORK_HEADER = YES;
				CLANG_WARN_RANGE_LOOP_ANALYSIS = YES;
				CLANG_WARN_STRICT_PROTOTYPES = YES;
				CLANG_WARN_SUSPICIOUS_MOVE = YES;
				CLANG_WARN_UNGUARDED_AVAILABILITY = YES_AGGRESSIVE;
				CLANG_WARN_UNREACHABLE_CODE = YES;
				CLANG_WARN__DUPLICATE_METHOD_MATCH = YES;
				COPY_PHASE_STRIP = NO;
				DEBUG_INFORMATION_FORMAT = "dwarf-with-dsym";
				ENABLE_NS_ASSERTIONS = NO;
				ENABLE_STRICT_OBJC_MSGSEND = YES;
				GCC_C_LANGUAGE_STANDARD = gnu11;
				GCC_NO_COMMON_BLOCKS = YES;
				GCC_WARN_64_TO_32_BIT_CONVERSION = YES;
				GCC_WARN_ABOUT_RETURN_TYPE = YES_ERROR;
				GCC_WARN_UNDECLARED_SELECTOR = YES;
				GCC_WARN_UNINITIALIZED_AUTOS = YES_AGGRESSIVE;
				GCC_WARN_UNUSED_FUNCTION = YES;
				GCC_WARN_UNUSED_VARIABLE = YES;
				IPHONEOS_DEPLOYMENT_TARGET = 14.5;
				MTL_ENABLE_DEBUG_INFO = NO;
				MTL_FAST_MATH = YES;
				SDKROOT = iphoneos;
				SWIFT_COMPILATION_MODE = wholemodule;
				SWIFT_OPTIMIZATION_LEVEL = "-O";
				VALIDATE_PRODUCT = YES;
			};
			name = Release;
		};
		DFB54D4D27AFC40800B18D8F /* Debug */ = {
			isa = XCBuildConfiguration;
			buildSettings = {
				ASSETCATALOG_COMPILER_APPICON_NAME = AppIcon;
				ASSETCATALOG_COMPILER_GLOBAL_ACCENT_COLOR_NAME = AccentColor;
				CODE_SIGN_STYLE = Automatic;
				DEVELOPMENT_TEAM = 4TBZMN7N53;
				INFOPLIST_FILE = "API-Binding-Demo/Info.plist";
				LD_RUNPATH_SEARCH_PATHS = (
					"$(inherited)",
					"@executable_path/Frameworks",
				);
				PRODUCT_BUNDLE_IDENTIFIER = "com.sithuhein.API-Binding-Demo";
				PRODUCT_NAME = "$(TARGET_NAME)";
				SWIFT_VERSION = 5.0;
				TARGETED_DEVICE_FAMILY = "1,2";
			};
			name = Debug;
		};
		DFB54D4E27AFC40800B18D8F /* Release */ = {
			isa = XCBuildConfiguration;
			buildSettings = {
				ASSETCATALOG_COMPILER_APPICON_NAME = AppIcon;
				ASSETCATALOG_COMPILER_GLOBAL_ACCENT_COLOR_NAME = AccentColor;
				CODE_SIGN_STYLE = Automatic;
				DEVELOPMENT_TEAM = 4TBZMN7N53;
				INFOPLIST_FILE = "API-Binding-Demo/Info.plist";
				LD_RUNPATH_SEARCH_PATHS = (
					"$(inherited)",
					"@executable_path/Frameworks",
				);
				PRODUCT_BUNDLE_IDENTIFIER = "com.sithuhein.API-Binding-Demo";
				PRODUCT_NAME = "$(TARGET_NAME)";
				SWIFT_VERSION = 5.0;
				TARGETED_DEVICE_FAMILY = "1,2";
			};
			name = Release;
		};
/* End XCBuildConfiguration section */

/* Begin XCConfigurationList section */
		DFB54D3327AFC40700B18D8F /* Build configuration list for PBXProject "API-Binding-Demo" */ = {
			isa = XCConfigurationList;
			buildConfigurations = (
				DFB54D4A27AFC40800B18D8F /* Debug */,
				DFB54D4B27AFC40800B18D8F /* Release */,
			);
			defaultConfigurationIsVisible = 0;
			defaultConfigurationName = Release;
		};
		DFB54D4C27AFC40800B18D8F /* Build configuration list for PBXNativeTarget "API-Binding-Demo" */ = {
			isa = XCConfigurationList;
			buildConfigurations = (
				DFB54D4D27AFC40800B18D8F /* Debug */,
				DFB54D4E27AFC40800B18D8F /* Release */,
			);
			defaultConfigurationIsVisible = 0;
			defaultConfigurationName = Release;
		};
/* End XCConfigurationList section */
	};
	rootObject = DFB54D3027AFC40700B18D8F /* Project object */;
}
